version = 1
revision = 3
requires-python = ">=3.11, <4"
resolution-markers = [
    "python_full_version >= '3.12'",
    "python_full_version < '3.12'",
]

[[package]]
name = "annotated-types"
version = "0.6.0"
source = { registry = "https://pypi.org/simple" }
sdist = { url = "https://files.pythonhosted.org/packages/67/fe/8c7b275824c6d2cd17c93ee85d0ee81c090285b6d52f4876ccc47cf9c3c4/annotated_types-0.6.0.tar.gz", hash = "sha256:563339e807e53ffd9c267e99fc6d9ea23eb8443c08f112651963e24e22f84a5d", size = 14670, upload-time = "2023-10-06T18:53:19.389Z" }
wheels = [
    { url = "https://files.pythonhosted.org/packages/28/78/d31230046e58c207284c6b2c4e8d96e6d3cb4e52354721b944d3e1ee4aa5/annotated_types-0.6.0-py3-none-any.whl", hash = "sha256:0641064de18ba7a25dee8f96403ebc39113d0cb953a01429249d5c7564666a43", size = 12360, upload-time = "2023-10-06T18:53:18.027Z" },
]

[[package]]
name = "arpeggio"
version = "2.0.2"
source = { registry = "https://pypi.org/simple" }
sdist = { url = "https://files.pythonhosted.org/packages/12/c4/516bb54456f85ad1947702ea4cef543a59de66d31a9887dbc3d9df36e3e1/Arpeggio-2.0.2.tar.gz", hash = "sha256:c790b2b06e226d2dd468e4fbfb5b7f506cec66416031fde1441cf1de2a0ba700", size = 766643, upload-time = "2023-07-09T12:30:04.737Z" }
wheels = [
    { url = "https://files.pythonhosted.org/packages/f7/4f/d28bf30a19d4649b40b501d531b44e73afada99044df100380fd9567e92f/Arpeggio-2.0.2-py2.py3-none-any.whl", hash = "sha256:f7c8ae4f4056a89e020c24c7202ac8df3e2bc84e416746f20b0da35bb1de0250", size = 55287, upload-time = "2023-07-09T12:30:01.87Z" },
]

[[package]]
name = "astroid"
version = "3.0.2"
source = { registry = "https://pypi.org/simple" }
sdist = { url = "https://files.pythonhosted.org/packages/58/03/c44924529da62cfa77a4a8f8fd5b0ac687f6f17dc68afd24d783d2046dfa/astroid-3.0.2.tar.gz", hash = "sha256:4a61cf0a59097c7bb52689b0fd63717cd2a8a14dc9f1eee97b82d814881c8c91", size = 395080, upload-time = "2023-12-12T12:48:06.504Z" }
wheels = [
    { url = "https://files.pythonhosted.org/packages/1a/28/fca86b40597d383cbc8ca3c1e5f95c3970a509811da74319108ea5c752ed/astroid-3.0.2-py3-none-any.whl", hash = "sha256:d6e62862355f60e716164082d6b4b041d38e2a8cf1c7cd953ded5108bac8ff5c", size = 275181, upload-time = "2023-12-12T12:48:03.647Z" },
]

[[package]]
name = "attrs"
version = "23.1.0"
source = { registry = "https://pypi.org/simple" }
sdist = { url = "https://files.pythonhosted.org/packages/97/90/81f95d5f705be17872843536b1868f351805acf6971251ff07c1b8334dbb/attrs-23.1.0.tar.gz", hash = "sha256:6279836d581513a26f1bf235f9acd333bc9115683f14f7e8fae46c98fc50e015", size = 212878, upload-time = "2023-04-16T10:48:18.214Z" }
wheels = [
    { url = "https://files.pythonhosted.org/packages/f0/eb/fcb708c7bf5056045e9e98f62b93bd7467eb718b0202e7698eb11d66416c/attrs-23.1.0-py3-none-any.whl", hash = "sha256:1f28b4522cdc2fb4256ac1a020c78acf9cba2c6b461ccd2c126f3aa8e8335d04", size = 61160, upload-time = "2023-04-16T10:48:16.358Z" },
]

[[package]]
name = "black"
version = "24.1.1"
source = { registry = "https://pypi.org/simple" }
dependencies = [
    { name = "click" },
    { name = "mypy-extensions" },
    { name = "packaging" },
    { name = "pathspec" },
    { name = "platformdirs" },
]
sdist = { url = "https://files.pythonhosted.org/packages/77/ec/a429d15d2e7f996203bff98e2b2e84ad4cb3de318de147b0038dc93fbc71/black-24.1.1.tar.gz", hash = "sha256:48b5760dcbfe5cf97fd4fba23946681f3a81514c6ab8a45b50da67ac8fbc6c7b", size = 623755, upload-time = "2024-01-28T05:28:48.365Z" }
wheels = [
    { url = "https://files.pythonhosted.org/packages/ef/cc/b205025212eaa90a73985873d5b88210d7c337c02afc4d9fa6ce438a080f/black-24.1.1-cp311-cp311-macosx_10_9_x86_64.whl", hash = "sha256:fc1ec9aa6f4d98d022101e015261c056ddebe3da6a8ccfc2c792cbe0349d48b7", size = 1538440, upload-time = "2024-01-28T05:42:42.506Z" },
    { url = "https://files.pythonhosted.org/packages/c0/92/cc543b133cd1337cbfce3e7d2c9d45b5e913224ed1fc791875d062d7be46/black-24.1.1-cp311-cp311-macosx_11_0_arm64.whl", hash = "sha256:0269dfdea12442022e88043d2910429bed717b2d04523867a85dacce535916b8", size = 1386681, upload-time = "2024-01-28T05:41:01.203Z" },
    { url = "https://files.pythonhosted.org/packages/e8/e3/8519496759b4f15d73323b00f70bde3eb097efd177382a4bed3899162a9e/black-24.1.1-cp311-cp311-manylinux_2_17_x86_64.manylinux2014_x86_64.whl", hash = "sha256:b3d64db762eae4a5ce04b6e3dd745dcca0fb9560eb931a5be97472e38652a161", size = 1690441, upload-time = "2024-01-28T05:31:07.511Z" },
    { url = "https://files.pythonhosted.org/packages/1d/25/85c545f605f005a1724ccc654f4981461ea0234835ba7689f6c5a97d3e5d/black-24.1.1-cp311-cp311-win_amd64.whl", hash = "sha256:5d7b06ea8816cbd4becfe5f70accae953c53c0e53aa98730ceccb0395520ee5d", size = 1340846, upload-time = "2024-01-28T05:32:05.545Z" },
    { url = "https://files.pythonhosted.org/packages/17/9e/104321dd49d30f7e9475afef76db7ad14b43f56933a315a657504d8fbdd7/black-24.1.1-cp312-cp312-macosx_10_9_x86_64.whl", hash = "sha256:e2c8dfa14677f90d976f68e0c923947ae68fa3961d61ee30976c388adc0b02c8", size = 1567927, upload-time = "2024-01-28T05:43:39.588Z" },
    { url = "https://files.pythonhosted.org/packages/be/ff/9380fb957347ab897543b53228cfd85112e421bdaf243e3865fa2d5e80ce/black-24.1.1-cp312-cp312-macosx_11_0_arm64.whl", hash = "sha256:a21725862d0e855ae05da1dd25e3825ed712eaaccef6b03017fe0853a01aa45e", size = 1397655, upload-time = "2024-01-28T05:39:08.418Z" },
    { url = "https://files.pythonhosted.org/packages/55/14/07a41fb78fe81aa4852f16af4211fab5a130fcd3150b44a336042a3252d5/black-24.1.1-cp312-cp312-manylinux_2_17_x86_64.manylinux2014_x86_64.whl", hash = "sha256:07204d078e25327aad9ed2c64790d681238686bce254c910de640c7cc4fc3aa6", size = 1718031, upload-time = "2024-01-28T05:31:22.398Z" },
    { url = "https://files.pythonhosted.org/packages/e5/fa/eaa2c165840a2496654366fcdc17f63459b89e3296b9269a18ba6d71f596/black-24.1.1-cp312-cp312-win_amd64.whl", hash = "sha256:a83fe522d9698d8f9a101b860b1ee154c1d25f8a82ceb807d319f085b2627c5b", size = 1350588, upload-time = "2024-01-28T05:32:22.839Z" },
    { url = "https://files.pythonhosted.org/packages/95/f3/c3d59ae490c627950efc97a27c3f73776577e2ec32d35737e72aee3d6738/black-24.1.1-py3-none-any.whl", hash = "sha256:5cdc2e2195212208fbcae579b931407c1fa9997584f0a415421748aeafff1168", size = 195702, upload-time = "2024-01-28T05:28:45.636Z" },
]

[[package]]
name = "click"
version = "8.1.7"
source = { registry = "https://pypi.org/simple" }
dependencies = [
    { name = "colorama", marker = "sys_platform == 'win32'" },
]
sdist = { url = "https://files.pythonhosted.org/packages/96/d3/f04c7bfcf5c1862a2a5b845c6b2b360488cf47af55dfa79c98f6a6bf98b5/click-8.1.7.tar.gz", hash = "sha256:ca9853ad459e787e2192211578cc907e7594e294c7ccc834310722b41b9ca6de", size = 336121, upload-time = "2023-08-17T17:29:11.868Z" }
wheels = [
    { url = "https://files.pythonhosted.org/packages/00/2e/d53fa4befbf2cfa713304affc7ca780ce4fc1fd8710527771b58311a3229/click-8.1.7-py3-none-any.whl", hash = "sha256:ae74fb96c20a0277a1d615f1e4d73c8414f5a98db8b799a7931d1582f3390c28", size = 97941, upload-time = "2023-08-17T17:29:10.08Z" },
]

[[package]]
name = "colorama"
version = "0.4.6"
source = { registry = "https://pypi.org/simple" }
sdist = { url = "https://files.pythonhosted.org/packages/d8/53/6f443c9a4a8358a93a6792e2acffb9d9d5cb0a5cfd8802644b7b1c9a02e4/colorama-0.4.6.tar.gz", hash = "sha256:08695f5cb7ed6e0531a20572697297273c47b8cae5a63ffc6d6ed5c201be6e44", size = 27697, upload-time = "2022-10-25T02:36:22.414Z" }
wheels = [
    { url = "https://files.pythonhosted.org/packages/d1/d6/3965ed04c63042e047cb6a3e6ed1a63a35087b6a609aa3a15ed8ac56c221/colorama-0.4.6-py2.py3-none-any.whl", hash = "sha256:4f1d9991f5acc0ca119f9d443620b77f9d6b33703e51011c16baf57afb285fc6", size = 25335, upload-time = "2022-10-25T02:36:20.889Z" },
]

[[package]]
name = "coverage"
version = "7.3.4"
source = { registry = "https://pypi.org/simple" }
sdist = { url = "https://files.pythonhosted.org/packages/42/02/088c18e25b23bf9958afe305083617ebe103dd5294a4ed4e1ef734c46b9b/coverage-7.3.4.tar.gz", hash = "sha256:020d56d2da5bc22a0e00a5b0d54597ee91ad72446fa4cf1b97c35022f6b6dbf0", size = 769564, upload-time = "2023-12-20T17:22:40.763Z" }
wheels = [
    { url = "https://files.pythonhosted.org/packages/30/85/3c0390ec821c88704382ed539d69b525fce3c3be44e1504107231573be96/coverage-7.3.4-cp311-cp311-macosx_10_9_x86_64.whl", hash = "sha256:997aa14b3e014339d8101b9886063c5d06238848905d9ad6c6eabe533440a9a7", size = 200900, upload-time = "2023-12-20T17:21:08.415Z" },
    { url = "https://files.pythonhosted.org/packages/26/61/28a1125442dc879b4162715ebbd29840b0b04006b3a42a776eb11942cc8a/coverage-7.3.4-cp311-cp311-macosx_11_0_arm64.whl", hash = "sha256:8a9c5bc5db3eb4cd55ecb8397d8e9b70247904f8eca718cc53c12dcc98e59fc8", size = 201167, upload-time = "2023-12-20T17:21:10.181Z" },
    { url = "https://files.pythonhosted.org/packages/3c/bb/7828db70c29b279483e320a2b32ea7f9f9058b057c62fc4e07f94727e597/coverage-7.3.4-cp311-cp311-manylinux_2_17_aarch64.manylinux2014_aarch64.whl", hash = "sha256:27ee94f088397d1feea3cb524e4313ff0410ead7d968029ecc4bc5a7e1d34fbf", size = 232955, upload-time = "2023-12-20T17:21:12.627Z" },
    { url = "https://files.pythonhosted.org/packages/9e/e8/947dd0703dd271dc8db90ee6cae72a96019986513e84065e5dffc9bdc6d7/coverage-7.3.4-cp311-cp311-manylinux_2_5_i686.manylinux1_i686.manylinux_2_17_i686.manylinux2014_i686.whl", hash = "sha256:8ce03e25e18dd9bf44723e83bc202114817f3367789052dc9e5b5c79f40cf59d", size = 230523, upload-time = "2023-12-20T17:21:14.52Z" },
    { url = "https://files.pythonhosted.org/packages/79/95/81cd9fc685d47de3866a2ee3f99fb495450db3638fc3488bd9a04187f53c/coverage-7.3.4-cp311-cp311-manylinux_2_5_x86_64.manylinux1_x86_64.manylinux_2_17_x86_64.manylinux2014_x86_64.whl", hash = "sha256:85072e99474d894e5df582faec04abe137b28972d5e466999bc64fc37f564a03", size = 232250, upload-time = "2023-12-20T17:21:17.116Z" },
    { url = "https://files.pythonhosted.org/packages/30/5f/516597adebc7b9e679e2923c1f7d36c8e087966ef1333e2b8f39f5e21876/coverage-7.3.4-cp311-cp311-musllinux_1_1_aarch64.whl", hash = "sha256:a877810ef918d0d345b783fc569608804f3ed2507bf32f14f652e4eaf5d8f8d0", size = 241303, upload-time = "2023-12-20T17:21:18.928Z" },
    { url = "https://files.pythonhosted.org/packages/5c/83/d6916f789eb6295856ab57babcd1ee639003c7db1b08cd84504a83c04c72/coverage-7.3.4-cp311-cp311-musllinux_1_1_i686.whl", hash = "sha256:9ac17b94ab4ca66cf803f2b22d47e392f0977f9da838bf71d1f0db6c32893cb9", size = 239696, upload-time = "2023-12-20T17:21:20.774Z" },
    { url = "https://files.pythonhosted.org/packages/72/aa/0fcbb87d7f2bc2efccfe07c374fb187faa018310bf94858071a2ae15c678/coverage-7.3.4-cp311-cp311-musllinux_1_1_x86_64.whl", hash = "sha256:36d75ef2acab74dc948d0b537ef021306796da551e8ac8b467810911000af66a", size = 240732, upload-time = "2023-12-20T17:21:23.353Z" },
    { url = "https://files.pythonhosted.org/packages/35/68/f35107fffd24622c0c7e3a4e2d69006a79c299064ef5781c65bf10c09b75/coverage-7.3.4-cp311-cp311-win32.whl", hash = "sha256:47ee56c2cd445ea35a8cc3ad5c8134cb9bece3a5cb50bb8265514208d0a65928", size = 203211, upload-time = "2023-12-20T17:21:26.241Z" },
    { url = "https://files.pythonhosted.org/packages/d5/6b/b97fb17e7026db99708f919bf16cb3b75fddae83b130a28f3f5ab9302f11/coverage-7.3.4-cp311-cp311-win_amd64.whl", hash = "sha256:11ab62d0ce5d9324915726f611f511a761efcca970bd49d876cf831b4de65be5", size = 204220, upload-time = "2023-12-20T17:21:28.582Z" },
    { url = "https://files.pythonhosted.org/packages/77/86/f7757f87689c1fdd84274f0482365ae199c0676df76fcca08bcea93df8dd/coverage-7.3.4-cp312-cp312-macosx_10_9_x86_64.whl", hash = "sha256:33e63c578f4acce1b6cd292a66bc30164495010f1091d4b7529d014845cd9bee", size = 201002, upload-time = "2023-12-20T17:21:30.582Z" },
    { url = "https://files.pythonhosted.org/packages/cd/1e/8f7f43fd04eecec58f7edb0f2cc10336e3b37282657597309d392fbee785/coverage-7.3.4-cp312-cp312-macosx_11_0_arm64.whl", hash = "sha256:782693b817218169bfeb9b9ba7f4a9f242764e180ac9589b45112571f32a0ba6", size = 201168, upload-time = "2023-12-20T17:21:32.623Z" },
    { url = "https://files.pythonhosted.org/packages/30/aa/8bb6d0291f1627b8a15aed8d2cf5eb2888174a0cfc16330985c47f35faa6/coverage-7.3.4-cp312-cp312-manylinux_2_17_aarch64.manylinux2014_aarch64.whl", hash = "sha256:7c4277ddaad9293454da19121c59f2d850f16bcb27f71f89a5c4836906eb35ef", size = 233847, upload-time = "2023-12-20T17:21:34.727Z" },
    { url = "https://files.pythonhosted.org/packages/57/5a/0d836d1fb678262cf64a967357b95f563170093e06499a5ef00063356356/coverage-7.3.4-cp312-cp312-manylinux_2_5_i686.manylinux1_i686.manylinux_2_17_i686.manylinux2014_i686.whl", hash = "sha256:3d892a19ae24b9801771a5a989fb3e850bd1ad2e2b6e83e949c65e8f37bc67a1", size = 231205, upload-time = "2023-12-20T17:21:36.973Z" },
    { url = "https://files.pythonhosted.org/packages/6d/4e/5f3a2fcffd59c19aa20aaa093e722fab9957bd6067192725574c611c5c16/coverage-7.3.4-cp312-cp312-manylinux_2_5_x86_64.manylinux1_x86_64.manylinux_2_17_x86_64.manylinux2014_x86_64.whl", hash = "sha256:3024ec1b3a221bd10b5d87337d0373c2bcaf7afd86d42081afe39b3e1820323b", size = 233150, upload-time = "2023-12-20T17:21:38.937Z" },
    { url = "https://files.pythonhosted.org/packages/3b/68/197c3f2c48c975b9526d1ac7c9d172a79d51a1d909ca3b6176a2effc6844/coverage-7.3.4-cp312-cp312-musllinux_1_1_aarch64.whl", hash = "sha256:a1c3e9d2bbd6f3f79cfecd6f20854f4dc0c6e0ec317df2b265266d0dc06535f1", size = 240043, upload-time = "2023-12-20T17:21:41.637Z" },
    { url = "https://files.pythonhosted.org/packages/09/71/1eb333631bda65737dee4028bda6f8323ffde39bad2190f81963ec53693b/coverage-7.3.4-cp312-cp312-musllinux_1_1_i686.whl", hash = "sha256:e91029d7f151d8bf5ab7d8bfe2c3dbefd239759d642b211a677bc0709c9fdb96", size = 237978, upload-time = "2023-12-20T17:21:43.811Z" },
    { url = "https://files.pythonhosted.org/packages/a6/a1/b346cc8f01d2620ffc1fcdaac9d07b1af9cd7f22ded72e349dfa88c07b01/coverage-7.3.4-cp312-cp312-musllinux_1_1_x86_64.whl", hash = "sha256:6879fe41c60080aa4bb59703a526c54e0412b77e649a0d06a61782ecf0853ee1", size = 239664, upload-time = "2023-12-20T17:21:45.779Z" },
    { url = "https://files.pythonhosted.org/packages/c9/3b/81947fc0902ffe92aa8482e0a937e26f9574acc9f1cc6b8bf806606e2d10/coverage-7.3.4-cp312-cp312-win32.whl", hash = "sha256:fd2f8a641f8f193968afdc8fd1697e602e199931012b574194052d132a79be13", size = 203502, upload-time = "2023-12-20T17:21:48.218Z" },
    { url = "https://files.pythonhosted.org/packages/8a/09/0f5df6dc74e87dc074280397496456f5feb90e1f9e720da41dc5784e557e/coverage-7.3.4-cp312-cp312-win_amd64.whl", hash = "sha256:d1d0ce6c6947a3a4aa5479bebceff2c807b9f3b529b637e2b33dea4468d75fc7", size = 204384, upload-time = "2023-12-20T17:21:50.823Z" },
]

[[package]]
name = "dill"
version = "0.3.7"
source = { registry = "https://pypi.org/simple" }
sdist = { url = "https://files.pythonhosted.org/packages/c4/31/54dd222e02311c2dbc9e680d37cbd50f4494ce1ee9b04c69980e4ec26f38/dill-0.3.7.tar.gz", hash = "sha256:cc1c8b182eb3013e24bd475ff2e9295af86c1a38eb1aff128dac8962a9ce3c03", size = 183355, upload-time = "2023-07-22T22:18:46.449Z" }
wheels = [
    { url = "https://files.pythonhosted.org/packages/f5/3a/74a29b11cf2cdfcd6ba89c0cecd70b37cd1ba7b77978ce611eb7a146a832/dill-0.3.7-py3-none-any.whl", hash = "sha256:76b122c08ef4ce2eedcd4d1abd8e641114bfc6c2867f49f3c41facf65bf19f5e", size = 115254, upload-time = "2023-07-22T22:18:44.511Z" },
]

[[package]]
name = "grpcio"
version = "1.56.2"
source = { registry = "https://pypi.org/simple" }
sdist = { url = "https://files.pythonhosted.org/packages/2f/7e/ddf5d42c77418ebf6d57f1503084e2955e8cf1d49671372fbdff7a82cbe5/grpcio-1.56.2.tar.gz", hash = "sha256:0ff789ae7d8ddd76d2ac02e7d13bfef6fc4928ac01e1dcaa182be51b6bcc0aaa", size = 24304951, upload-time = "2023-07-19T19:00:39.151Z" }
wheels = [
    { url = "https://files.pythonhosted.org/packages/39/c7/ca186f4414db098ea1dc58928762d70198bc4735d0274dd2747e01639469/grpcio-1.56.2-cp311-cp311-linux_armv7l.whl", hash = "sha256:c435f5ce1705de48e08fcbcfaf8aee660d199c90536e3e06f2016af7d6a938dd", size = 95750530, upload-time = "2023-07-19T18:57:05.228Z" },
    { url = "https://files.pythonhosted.org/packages/06/ed/4c7651a5af2628273a80ae55376f21c8e6fcababadfa0d6ec771aa02ee9b/grpcio-1.56.2-cp311-cp311-macosx_10_10_universal2.whl", hash = "sha256:6108e5933eb8c22cd3646e72d5b54772c29f57482fd4c41a0640aab99eb5071d", size = 8867589, upload-time = "2023-07-19T18:57:09.968Z" },
    { url = "https://files.pythonhosted.org/packages/0a/3c/beb0a37a0ed1073642ec59a2b6df1739d425e58557d415feebd18bd93fc3/grpcio-1.56.2-cp311-cp311-manylinux_2_17_aarch64.whl", hash = "sha256:8391cea5ce72f4a12368afd17799474015d5d3dc00c936a907eb7c7eaaea98a5", size = 4736143, upload-time = "2023-07-19T18:57:12.473Z" },
    { url = "https://files.pythonhosted.org/packages/6c/30/503b9d5a36f7f10a77207f1cb3baf13545251efa4283fd161138072c9db9/grpcio-1.56.2-cp311-cp311-manylinux_2_17_i686.manylinux2014_i686.whl", hash = "sha256:750de923b456ca8c0f1354d6befca45d1f3b3a789e76efc16741bd4132752d95", size = 5457665, upload-time = "2023-07-19T18:57:15.062Z" },
    { url = "https://files.pythonhosted.org/packages/b4/29/3ab0489eb3c5dde0a5f05298c70c11a409d3aa5ac02544dc9b8ab8f58e3f/grpcio-1.56.2-cp311-cp311-manylinux_2_17_x86_64.manylinux2014_x86_64.whl", hash = "sha256:fda2783c12f553cdca11c08e5af6eecbd717280dc8fbe28a110897af1c15a88c", size = 5196705, upload-time = "2023-07-19T18:57:16.792Z" },
    { url = "https://files.pythonhosted.org/packages/55/68/41fc4465ed2f3fbc245d94ebfa14f7089771cd8546112fc91e46ccda2933/grpcio-1.56.2-cp311-cp311-musllinux_1_1_i686.whl", hash = "sha256:9e04d4e4cfafa7c5264e535b5d28e786f0571bea609c3f0aaab13e891e933e9c", size = 5752070, upload-time = "2023-07-19T18:57:19.344Z" },
    { url = "https://files.pythonhosted.org/packages/47/60/bec05dbb5f8f2d61d79d4e16fb7222e7c0f25a50aaa4a9bc5dcf5df6fb38/grpcio-1.56.2-cp311-cp311-musllinux_1_1_x86_64.whl", hash = "sha256:89a49cc5ad08a38b6141af17e00d1dd482dc927c7605bc77af457b5a0fca807c", size = 5456825, upload-time = "2023-07-19T18:57:21.326Z" },
    { url = "https://files.pythonhosted.org/packages/c2/68/4903c2083173df3aa8b7da1f235fc6f0ebb27ec821bc81e4eb227311a753/grpcio-1.56.2-cp311-cp311-win32.whl", hash = "sha256:6a007a541dff984264981fbafeb052bfe361db63578948d857907df9488d8774", size = 3519044, upload-time = "2023-07-19T18:57:24.097Z" },
    { url = "https://files.pythonhosted.org/packages/dd/10/26829ba71579a0248ad32211c2964fc389800ec58a9de8822b9a733cd800/grpcio-1.56.2-cp311-cp311-win_amd64.whl", hash = "sha256:af4063ef2b11b96d949dccbc5a987272f38d55c23c4c01841ea65a517906397f", size = 4235083, upload-time = "2023-07-19T18:57:26.464Z" },
]

[[package]]
name = "isort"
version = "5.13.2"
source = { registry = "https://pypi.org/simple" }
sdist = { url = "https://files.pythonhosted.org/packages/87/f9/c1eb8635a24e87ade2efce21e3ce8cd6b8630bb685ddc9cdaca1349b2eb5/isort-5.13.2.tar.gz", hash = "sha256:48fdfcb9face5d58a4f6dde2e72a1fb8dcaf8ab26f95ab49fab84c2ddefb0109", size = 175303, upload-time = "2023-12-13T20:37:26.124Z" }
wheels = [
    { url = "https://files.pythonhosted.org/packages/d1/b3/8def84f539e7d2289a02f0524b944b15d7c75dab7628bedf1c4f0992029c/isort-5.13.2-py3-none-any.whl", hash = "sha256:8ca5e72a8d85860d5a3fa69b8745237f2939afe12dbf656afbcb47fe72d947a6", size = 92310, upload-time = "2023-12-13T20:37:23.244Z" },
]

[[package]]
name = "mccabe"
version = "0.7.0"
source = { registry = "https://pypi.org/simple" }
sdist = { url = "https://files.pythonhosted.org/packages/e7/ff/0ffefdcac38932a54d2b5eed4e0ba8a408f215002cd178ad1df0f2806ff8/mccabe-0.7.0.tar.gz", hash = "sha256:348e0240c33b60bbdf4e523192ef919f28cb2c3d7d5c7794f74009290f236325", size = 9658, upload-time = "2022-01-24T01:14:51.113Z" }
wheels = [
    { url = "https://files.pythonhosted.org/packages/27/1a/1f68f9ba0c207934b35b86a8ca3aad8395a3d6dd7921c0686e23853ff5a9/mccabe-0.7.0-py2.py3-none-any.whl", hash = "sha256:6c2d30ab6be0e4a46919781807b4f0d834ebdd6c6e3dca0bda5a15f863427b6e", size = 7350, upload-time = "2022-01-24T01:14:49.62Z" },
]

[[package]]
name = "mypy-extensions"
version = "1.0.0"
source = { registry = "https://pypi.org/simple" }
sdist = { url = "https://files.pythonhosted.org/packages/98/a4/1ab47638b92648243faf97a5aeb6ea83059cc3624972ab6b8d2316078d3f/mypy_extensions-1.0.0.tar.gz", hash = "sha256:75dbf8955dc00442a438fc4d0666508a9a97b6bd41aa2f0ffe9d2f2725af0782", size = 4433, upload-time = "2023-02-04T12:11:27.157Z" }
wheels = [
    { url = "https://files.pythonhosted.org/packages/2a/e2/5d3f6ada4297caebe1a2add3b126fe800c96f56dbe5d1988a2cbe0b267aa/mypy_extensions-1.0.0-py3-none-any.whl", hash = "sha256:4392f6c0eb8a5668a69e23d168ffa70f0be9ccfd32b5cc2d26a34ae5b844552d", size = 4695, upload-time = "2023-02-04T12:11:25.002Z" },
]

[[package]]
name = "packaging"
version = "23.2"
source = { registry = "https://pypi.org/simple" }
sdist = { url = "https://files.pythonhosted.org/packages/fb/2b/9b9c33ffed44ee921d0967086d653047286054117d584f1b1a7c22ceaf7b/packaging-23.2.tar.gz", hash = "sha256:048fb0e9405036518eaaf48a55953c750c11e1a1b68e0dd1a9d62ed0c092cfc5", size = 146714, upload-time = "2023-10-01T13:50:05.279Z" }
wheels = [
    { url = "https://files.pythonhosted.org/packages/ec/1a/610693ac4ee14fcdf2d9bf3c493370e4f2ef7ae2e19217d7a237ff42367d/packaging-23.2-py3-none-any.whl", hash = "sha256:8c491190033a9af7e1d931d0b5dacc2ef47509b34dd0de67ed209b5203fc88c7", size = 53011, upload-time = "2023-10-01T13:50:03.745Z" },
]

[[package]]
name = "parameterized"
version = "0.9.0"
source = { registry = "https://pypi.org/simple" }
sdist = { url = "https://files.pythonhosted.org/packages/ea/49/00c0c0cc24ff4266025a53e41336b79adaa5a4ebfad214f433d623f9865e/parameterized-0.9.0.tar.gz", hash = "sha256:7fc905272cefa4f364c1a3429cbbe9c0f98b793988efb5bf90aac80f08db09b1", size = 24351, upload-time = "2023-03-27T02:01:11.592Z" }
wheels = [
    { url = "https://files.pythonhosted.org/packages/00/2f/804f58f0b856ab3bf21617cccf5b39206e6c4c94c2cd227bde125ea6105f/parameterized-0.9.0-py2.py3-none-any.whl", hash = "sha256:4e0758e3d41bea3bbd05ec14fc2c24736723f243b28d702081aef438c9372b1b", size = 20475, upload-time = "2023-03-27T02:01:09.31Z" },
]

[[package]]
name = "parver"
version = "0.5"
source = { registry = "https://pypi.org/simple" }
dependencies = [
    { name = "arpeggio" },
    { name = "attrs" },
]
sdist = { url = "https://files.pythonhosted.org/packages/cc/e5/1c774688a90f0b76e872e30f6f1ba3f5e14056cd0d96a684047d4a986226/parver-0.5.tar.gz", hash = "sha256:b9fde1e6bb9ce9f07e08e9c4bea8d8825c5e78e18a0052d02e02bf9517eb4777", size = 26908, upload-time = "2023-10-03T21:06:54.506Z" }
wheels = [
    { url = "https://files.pythonhosted.org/packages/0f/4c/f98024021bef4d44dce3613feebd702c7ad8883f777ff8488384c59e9774/parver-0.5-py3-none-any.whl", hash = "sha256:2281b187276c8e8e3c15634f62287b2fb6fe0efe3010f739a6bd1e45fa2bf2b2", size = 15172, upload-time = "2023-10-03T21:06:52.796Z" },
]

[[package]]
name = "pathspec"
version = "0.12.1"
source = { registry = "https://pypi.org/simple" }
sdist = { url = "https://files.pythonhosted.org/packages/ca/bc/f35b8446f4531a7cb215605d100cd88b7ac6f44ab3fc94870c120ab3adbf/pathspec-0.12.1.tar.gz", hash = "sha256:a482d51503a1ab33b1c67a6c3813a26953dbdc71c31dacaef9a838c4e29f5712", size = 51043, upload-time = "2023-12-10T22:30:45Z" }
wheels = [
    { url = "https://files.pythonhosted.org/packages/cc/20/ff623b09d963f88bfde16306a54e12ee5ea43e9b597108672ff3a408aad6/pathspec-0.12.1-py3-none-any.whl", hash = "sha256:a0d503e138a4c123b27490a4f7beda6a01c6f288df0e4a8b79c7eb0dc7b4cc08", size = 31191, upload-time = "2023-12-10T22:30:43.14Z" },
]

[[package]]
name = "platformdirs"
version = "4.1.0"
source = { registry = "https://pypi.org/simple" }
sdist = { url = "https://files.pythonhosted.org/packages/62/d1/7feaaacb1a3faeba96c06e6c5091f90695cc0f94b7e8e1a3a3fe2b33ff9a/platformdirs-4.1.0.tar.gz", hash = "sha256:906d548203468492d432bcb294d4bc2fff751bf84971fbb2c10918cc206ee420", size = 19760, upload-time = "2023-12-04T15:32:15.925Z" }
wheels = [
    { url = "https://files.pythonhosted.org/packages/be/53/42fe5eab4a09d251a76d0043e018172db324a23fcdac70f77a551c11f618/platformdirs-4.1.0-py3-none-any.whl", hash = "sha256:11c8f37bcca40db96d8144522d925583bdb7a31f7b0e37e3ed4318400a8e2380", size = 17420, upload-time = "2023-12-04T15:32:13.795Z" },
]

[[package]]
name = "protobuf"
version = "4.25.1"
source = { registry = "https://pypi.org/simple" }
sdist = { url = "https://files.pythonhosted.org/packages/59/5f/b2d00e6a08d97656a27832d4d146e03ffc46ae74b4699740674bea13a905/protobuf-4.25.1.tar.gz", hash = "sha256:57d65074b4f5baa4ab5da1605c02be90ac20c8b40fb137d6a8df9f416b0d0ce2", size = 380275, upload-time = "2023-11-15T23:30:19.811Z" }
wheels = [
    { url = "https://files.pythonhosted.org/packages/b2/88/dab1332a8488cacd720c145980ee4592fa70bf84f2a9a92e438868fc64bc/protobuf-4.25.1-cp310-abi3-win32.whl", hash = "sha256:193f50a6ab78a970c9b4f148e7c750cfde64f59815e86f686c22e26b4fe01ce7", size = 392412, upload-time = "2023-11-15T23:29:56.33Z" },
    { url = "https://files.pythonhosted.org/packages/fe/6b/7f177e8d6fe4caa14f4065433af9f879d4fab84f0d17dcba7b407f6bd808/protobuf-4.25.1-cp310-abi3-win_amd64.whl", hash = "sha256:3497c1af9f2526962f09329fd61a36566305e6c72da2590ae0d7d1322818843b", size = 413407, upload-time = "2023-11-15T23:29:59.538Z" },
    { url = "https://files.pythonhosted.org/packages/e6/db/7b2edc72807d45d72f9db42f3eb86ddaf37f9e55d923159b1dbfc9d835bc/protobuf-4.25.1-cp37-abi3-macosx_10_9_universal2.whl", hash = "sha256:0bf384e75b92c42830c0a679b0cd4d6e2b36ae0cf3dbb1e1dfdda48a244f4bcd", size = 394164, upload-time = "2023-11-15T23:30:01.945Z" },
    { url = "https://files.pythonhosted.org/packages/f2/74/41037079732f1976616356acc13bddceacd5d0c60d77ce3b4c79ba230d27/protobuf-4.25.1-cp37-abi3-manylinux2014_aarch64.whl", hash = "sha256:0f881b589ff449bf0b931a711926e9ddaad3b35089cc039ce1af50b21a4ae8cb", size = 293702, upload-time = "2023-11-15T23:30:04.689Z" },
    { url = "https://files.pythonhosted.org/packages/ae/5b/7ed02a9b8e752c8f7bca8661779c0275b9e3e6a903a3045e6da51f796dda/protobuf-4.25.1-cp37-abi3-manylinux2014_x86_64.whl", hash = "sha256:ca37bf6a6d0046272c152eea90d2e4ef34593aaa32e8873fc14c16440f22d4b7", size = 294614, upload-time = "2023-11-15T23:30:06.609Z" },
    { url = "https://files.pythonhosted.org/packages/57/6b/cb08c28a90375e18aa80913253135b5fb6e6b1ff5c1472ba833836540f16/protobuf-4.25.1-py3-none-any.whl", hash = "sha256:a19731d5e83ae4737bb2a089605e636077ac001d18781b3cf489b9546c7c80d6", size = 156468, upload-time = "2023-11-15T23:30:17.72Z" },
]

[[package]]
name = "pulumi"
version = "3.99.0"
source = { registry = "https://pypi.org/simple" }
dependencies = [
    { name = "dill" },
    { name = "grpcio" },
    { name = "protobuf" },
    { name = "pyyaml" },
    { name = "semver" },
    { name = "six" },
]
wheels = [
    { url = "https://files.pythonhosted.org/packages/17/49/ac369781e6bea40b4e15ca66620d1815ffa59727e6dab5e543a8971e8cd9/pulumi-3.99.0-py3-none-any.whl", hash = "sha256:60cf93d6f1918fd35b2fb87a29d3ecee9b55040c16791e061b4b3a4dacf1693e", size = 192669, upload-time = "2023-12-21T00:18:21.939Z" },
]

[[package]]
name = "pulumi-command"
version = "1.0.1"
source = { registry = "https://pypi.org/simple" }
dependencies = [
    { name = "parver" },
    { name = "pulumi" },
    { name = "semver" },
]
sdist = { url = "https://files.pythonhosted.org/packages/dd/c0/a6304d7697a22cec1f71101613eb81fe5f98549c36040d40a5d0a9cc759e/pulumi_command-1.0.1.tar.gz", hash = "sha256:58e123707956aa7a9be2ce89c009642539cde5d9fa02e1e10501662600894843", size = 31532, upload-time = "2024-07-19T10:24:29.187Z" }
wheels = [
    { url = "https://files.pythonhosted.org/packages/ad/f1/a7616bc13081a110d8c2d0fe26c42249735154fa2732c86fab9ef8de0844/pulumi_command-1.0.1-py3-none-any.whl", hash = "sha256:672cdea9c0ced0f79ed47e578267a2b2160dcf88626dde34ee96f5524a003574", size = 34742, upload-time = "2024-07-19T10:24:26.782Z" },
]

[[package]]
name = "pulumi-state-splitter"
version = "0.1.0"
source = { editable = "." }
dependencies = [
    { name = "click" },
    { name = "pydantic" },
    { name = "pyyaml" },
    { name = "style-tests" },
]

[package.dev-dependencies]
test = [
    { name = "black" },
    { name = "coverage" },
    { name = "dill" },
    { name = "isort" },
    { name = "parameterized" },
    { name = "pulumi" },
    { name = "pulumi-command" },
    { name = "pycodestyle" },
    { name = "pylint" },
    { name = "typeguard" },
]

[package.metadata]
requires-dist = [
    { name = "click", specifier = ">=8.1.7,<9" },
    { name = "pydantic", specifier = ">=2.5.3,<3" },
    { name = "pyyaml", specifier = ">=6.0.1,<7" },
    { name = "style-tests", git = "https://github.com/house-reliability-engineering/python.git?subdirectory=style_tests" },
]

[package.metadata.requires-dev]
test = [
    { name = "black", specifier = ">=24.1.1,<25" },
    { name = "coverage", specifier = ">=7.3.4,<8" },
    { name = "dill", specifier = ">=0.3.7,<0.4" },
    { name = "isort", specifier = ">=5.13.2,<6" },
    { name = "parameterized", specifier = ">=0.9.0,<0.10" },
    { name = "pulumi", specifier = ">=3.99.0,<4" },
    { name = "pulumi-command", specifier = ">=0.10.0" },
    { name = "pycodestyle", specifier = ">=2.11.1,<3" },
    { name = "pylint", specifier = ">=3.0.3,<4" },
    { name = "typeguard", specifier = ">=4.1.5,<5" },
]

[[package]]
name = "pycodestyle"
version = "2.11.1"
source = { registry = "https://pypi.org/simple" }
sdist = { url = "https://files.pythonhosted.org/packages/34/8f/fa09ae2acc737b9507b5734a9aec9a2b35fa73409982f57db1b42f8c3c65/pycodestyle-2.11.1.tar.gz", hash = "sha256:41ba0e7afc9752dfb53ced5489e89f8186be00e599e712660695b7a75ff2663f", size = 38974, upload-time = "2023-10-12T23:39:39.762Z" }
wheels = [
    { url = "https://files.pythonhosted.org/packages/b1/90/a998c550d0ddd07e38605bb5c455d00fcc177a800ff9cc3dafdcb3dd7b56/pycodestyle-2.11.1-py2.py3-none-any.whl", hash = "sha256:44fe31000b2d866f2e41841b18528a505fbd7fef9017b04eff4e2648a0fadc67", size = 31132, upload-time = "2023-10-12T23:39:38.242Z" },
]

[[package]]
name = "pydantic"
version = "2.5.3"
source = { registry = "https://pypi.org/simple" }
dependencies = [
    { name = "annotated-types" },
    { name = "pydantic-core" },
    { name = "typing-extensions" },
]
sdist = { url = "https://files.pythonhosted.org/packages/aa/3f/56142232152145ecbee663d70a19a45d078180633321efb3847d2562b490/pydantic-2.5.3.tar.gz", hash = "sha256:b3ef57c62535b0941697cce638c08900d87fcb67e29cfa99e8a68f747f393f7a", size = 651797, upload-time = "2023-12-22T10:39:46.736Z" }
wheels = [
    { url = "https://files.pythonhosted.org/packages/dd/b7/9aea7ee6c01fe3f3c03b8ca3c7797c866df5fecece9d6cb27caa138db2e2/pydantic-2.5.3-py3-none-any.whl", hash = "sha256:d0caf5954bee831b6bfe7e338c32b9e30c85dfe080c843680783ac2b631673b4", size = 381926, upload-time = "2023-12-22T10:39:43.758Z" },
]

[[package]]
name = "pydantic-core"
version = "2.14.6"
source = { registry = "https://pypi.org/simple" }
dependencies = [
    { name = "typing-extensions" },
]
sdist = { url = "https://files.pythonhosted.org/packages/b2/7d/8304d8471cfe4288f95a3065ebda56f9790d087edc356ad5bd83c89e2d79/pydantic_core-2.14.6.tar.gz", hash = "sha256:1fd0c1d395372843fba13a51c28e3bb9d59bd7aebfeb17358ffaaa1e4dbbe948", size = 360305, upload-time = "2023-12-21T19:56:33.986Z" }
wheels = [
    { url = "https://files.pythonhosted.org/packages/7d/77/cbfa02b5f46c5ec6be131d97ae93eef883e25d61b4f4d0a058c792b7e3a2/pydantic_core-2.14.6-cp311-cp311-macosx_10_7_x86_64.whl", hash = "sha256:dea7fcd62915fb150cdc373212141a30037e11b761fbced340e9db3379b892d4", size = 1861976, upload-time = "2023-12-21T19:52:42.943Z" },
    { url = "https://files.pythonhosted.org/packages/fb/17/3e4908cf8cb5a1d189f9dfa7cb5698d945e9a4db6b9138e3fef3c32c1f68/pydantic_core-2.14.6-cp311-cp311-macosx_11_0_arm64.whl", hash = "sha256:ffff855100bc066ff2cd3aa4a60bc9534661816b110f0243e59503ec2df38421", size = 1744008, upload-time = "2023-12-21T19:52:45.088Z" },
    { url = "https://files.pythonhosted.org/packages/14/53/7844d20be3a334ea46cdcde8a480cf47e31026d4117d7415a0144d7379c9/pydantic_core-2.14.6-cp311-cp311-manylinux_2_17_aarch64.manylinux2014_aarch64.whl", hash = "sha256:1b027c86c66b8627eb90e57aee1f526df77dc6d8b354ec498be9a757d513b92b", size = 1830087, upload-time = "2023-12-21T19:52:47.868Z" },
    { url = "https://files.pythonhosted.org/packages/f1/7b/0fd3444362f31c5f42b655c1ed734480433aa9f8bde97daa19cee0bc2844/pydantic_core-2.14.6-cp311-cp311-manylinux_2_17_armv7l.manylinux2014_armv7l.whl", hash = "sha256:00b1087dabcee0b0ffd104f9f53d7d3eaddfaa314cdd6726143af6bc713aa27e", size = 1852928, upload-time = "2023-12-21T19:52:50.681Z" },
    { url = "https://files.pythonhosted.org/packages/24/1d/601f861c0d76154217ea6b066e39f04159a761b9c3a7ca56b0dd0267ce3a/pydantic_core-2.14.6-cp311-cp311-manylinux_2_17_ppc64le.manylinux2014_ppc64le.whl", hash = "sha256:75ec284328b60a4e91010c1acade0c30584f28a1f345bc8f72fe8b9e46ec6a96", size = 2003799, upload-time = "2023-12-21T19:52:52.661Z" },
    { url = "https://files.pythonhosted.org/packages/e8/5e/a30d56bb6b19e84bcde76cba2d6df45779f127ec73fa2e6d91f0ad3d4bc2/pydantic_core-2.14.6-cp311-cp311-manylinux_2_17_s390x.manylinux2014_s390x.whl", hash = "sha256:7e1f4744eea1501404b20b0ac059ff7e3f96a97d3e3f48ce27a139e053bb370b", size = 2985579, upload-time = "2023-12-21T19:52:55.195Z" },
    { url = "https://files.pythonhosted.org/packages/e7/84/2dc88180fc6f0d13aab2a47a53b89c2dbc239e2a87d0a58e31077e111e82/pydantic_core-2.14.6-cp311-cp311-manylinux_2_17_x86_64.manylinux2014_x86_64.whl", hash = "sha256:b2602177668f89b38b9f84b7b3435d0a72511ddef45dc14446811759b82235a1", size = 2071737, upload-time = "2023-12-21T19:52:57.548Z" },
    { url = "https://files.pythonhosted.org/packages/0d/18/7c17d33b2c8dea2189b2547bafcb70a69a3e537eec12429cc0abfedab683/pydantic_core-2.14.6-cp311-cp311-manylinux_2_5_i686.manylinux1_i686.whl", hash = "sha256:6c8edaea3089bf908dd27da8f5d9e395c5b4dc092dbcce9b65e7156099b4b937", size = 1919929, upload-time = "2023-12-21T19:52:59.911Z" },
    { url = "https://files.pythonhosted.org/packages/c1/7b/a1cfe9d3fdedf2b33d41960500c17ccba025b483720c79965b73d607687f/pydantic_core-2.14.6-cp311-cp311-musllinux_1_1_aarch64.whl", hash = "sha256:478e9e7b360dfec451daafe286998d4a1eeaecf6d69c427b834ae771cad4b622", size = 2010042, upload-time = "2023-12-21T19:53:02.556Z" },
    { url = "https://files.pythonhosted.org/packages/2a/09/c39be628d6068952f30b381576a4392af2024505747572cd70b19f6d9bde/pydantic_core-2.14.6-cp311-cp311-musllinux_1_1_x86_64.whl", hash = "sha256:b6ca36c12a5120bad343eef193cc0122928c5c7466121da7c20f41160ba00ba2", size = 2135569, upload-time = "2023-12-21T19:53:04.926Z" },
    { url = "https://files.pythonhosted.org/packages/8a/07/ea362b25882fb0efbe2818011a572a112416903fbc3205b6c5dab3d9695c/pydantic_core-2.14.6-cp311-none-win32.whl", hash = "sha256:2b8719037e570639e6b665a4050add43134d80b687288ba3ade18b22bbb29dd2", size = 1730779, upload-time = "2023-12-21T19:53:06.842Z" },
    { url = "https://files.pythonhosted.org/packages/72/d2/fcb3bc3d6d2fa35387b57e9925f1ff5469c2da634b85061dadbd8c398545/pydantic_core-2.14.6-cp311-none-win_amd64.whl", hash = "sha256:78ee52ecc088c61cce32b2d30a826f929e1708f7b9247dc3b921aec367dc1b23", size = 1891297, upload-time = "2023-12-21T19:53:09.412Z" },
    { url = "https://files.pythonhosted.org/packages/20/68/41661007a1436f5f3dea7b9f536f083bbf843c8ebd6a207c36c98b01bde1/pydantic_core-2.14.6-cp311-none-win_arm64.whl", hash = "sha256:a19b794f8fe6569472ff77602437ec4430f9b2b9ec7a1105cfd2232f9ba355e6", size = 1849591, upload-time = "2023-12-21T19:53:11.84Z" },
    { url = "https://files.pythonhosted.org/packages/b1/26/4bd7ac215215322a693c178a022993450ebf7b1e91b26941f72407e1e9a1/pydantic_core-2.14.6-cp312-cp312-macosx_10_7_x86_64.whl", hash = "sha256:667aa2eac9cd0700af1ddb38b7b1ef246d8cf94c85637cbb03d7757ca4c3fdec", size = 1855038, upload-time = "2023-12-21T19:53:14.05Z" },
    { url = "https://files.pythonhosted.org/packages/a5/f8/07a2563f40b863ba97f3db648697f3f1d7b7edf1bd679f210064cb556e74/pydantic_core-2.14.6-cp312-cp312-macosx_11_0_arm64.whl", hash = "sha256:cdee837710ef6b56ebd20245b83799fce40b265b3b406e51e8ccc5b85b9099b7", size = 1718829, upload-time = "2023-12-21T19:53:16.61Z" },
    { url = "https://files.pythonhosted.org/packages/ba/98/fb42628ed811643c364e05353d3a015c74859402994420aeba8e3e34a54c/pydantic_core-2.14.6-cp312-cp312-manylinux_2_17_aarch64.manylinux2014_aarch64.whl", hash = "sha256:2c5bcf3414367e29f83fd66f7de64509a8fd2368b1edf4351e862910727d3e51", size = 1824883, upload-time = "2023-12-21T19:53:18.652Z" },
    { url = "https://files.pythonhosted.org/packages/69/ed/6a318d3846ac45e4e8d7c81a4c4f9cad341f4715521cc2cc7baecd6be9c0/pydantic_core-2.14.6-cp312-cp312-manylinux_2_17_armv7l.manylinux2014_armv7l.whl", hash = "sha256:26a92ae76f75d1915806b77cf459811e772d8f71fd1e4339c99750f0e7f6324f", size = 1834955, upload-time = "2023-12-21T19:53:20.879Z" },
    { url = "https://files.pythonhosted.org/packages/0b/d0/adf341fb8ed080bf5abb91c42752ffa099d8439e45d3fa40a21f259f724c/pydantic_core-2.14.6-cp312-cp312-manylinux_2_17_ppc64le.manylinux2014_ppc64le.whl", hash = "sha256:a983cca5ed1dd9a35e9e42ebf9f278d344603bfcb174ff99a5815f953925140a", size = 1994990, upload-time = "2023-12-21T19:53:23.309Z" },
    { url = "https://files.pythonhosted.org/packages/5e/58/7cac843607f3b2d0af1768fae90ef219413db163a7cfb7557344edfeed2f/pydantic_core-2.14.6-cp312-cp312-manylinux_2_17_s390x.manylinux2014_s390x.whl", hash = "sha256:cb92f9061657287eded380d7dc455bbf115430b3aa4741bdc662d02977e7d0af", size = 3001843, upload-time = "2023-12-21T19:53:25.501Z" },
    { url = "https://files.pythonhosted.org/packages/f3/62/076e6c43735950e911d80c6edf215314a8cf9b8adefe9613b72b09ccb1ee/pydantic_core-2.14.6-cp312-cp312-manylinux_2_17_x86_64.manylinux2014_x86_64.whl", hash = "sha256:e4ace1e220b078c8e48e82c081e35002038657e4b37d403ce940fa679e57113b", size = 2067417, upload-time = "2023-12-21T19:53:27.652Z" },
    { url = "https://files.pythonhosted.org/packages/d0/21/7ca5edf46bc6706152d459b560d669cfd72afe0dda24292408f1be8008d6/pydantic_core-2.14.6-cp312-cp312-manylinux_2_5_i686.manylinux1_i686.whl", hash = "sha256:ef633add81832f4b56d3b4c9408b43d530dfca29e68fb1b797dcb861a2c734cd", size = 1922514, upload-time = "2023-12-21T19:53:30.443Z" },
    { url = "https://files.pythonhosted.org/packages/b7/53/101aac1d63a743284cdae804ceb6f561879c385f355caf20d2d87da6d36d/pydantic_core-2.14.6-cp312-cp312-musllinux_1_1_aarch64.whl", hash = "sha256:7e90d6cc4aad2cc1f5e16ed56e46cebf4877c62403a311af20459c15da76fd91", size = 2004496, upload-time = "2023-12-21T19:53:32.411Z" },
    { url = "https://files.pythonhosted.org/packages/9f/7a/2e906fc1a5e4ca45e730118f0afb4878a39a1d505d895835d8cc5452446c/pydantic_core-2.14.6-cp312-cp312-musllinux_1_1_x86_64.whl", hash = "sha256:e8a5ac97ea521d7bde7621d86c30e86b798cdecd985723c4ed737a2aa9e77d0c", size = 2129106, upload-time = "2023-12-21T19:53:34.501Z" },
    { url = "https://files.pythonhosted.org/packages/d9/3e/28bd56c6aeadaae2eca12e39274b880505dd7fc9fa7b732d11167275c084/pydantic_core-2.14.6-cp312-none-win32.whl", hash = "sha256:f27207e8ca3e5e021e2402ba942e5b4c629718e665c81b8b306f3c8b1ddbb786", size = 1743090, upload-time = "2023-12-21T19:53:36.711Z" },
    { url = "https://files.pythonhosted.org/packages/84/13/afa2b5c336d30a43592f9bc8d5769ccd15b32b4ef243bd792496fe336925/pydantic_core-2.14.6-cp312-none-win_amd64.whl", hash = "sha256:b3e5fe4538001bb82e2295b8d2a39356a84694c97cb73a566dc36328b9f83b40", size = 1866497, upload-time = "2023-12-21T19:53:39.401Z" },
    { url = "https://files.pythonhosted.org/packages/04/33/68e91365ac5ef23fc70fbc4e24ab2f212a6ca39cd23b81589af9807946df/pydantic_core-2.14.6-cp312-none-win_arm64.whl", hash = "sha256:64634ccf9d671c6be242a664a33c4acf12882670b09b3f163cd00a24cffbd74e", size = 1844384, upload-time = "2023-12-21T19:53:41.316Z" },
]

[[package]]
name = "pylint"
version = "3.0.3"
source = { registry = "https://pypi.org/simple" }
dependencies = [
    { name = "astroid" },
    { name = "colorama", marker = "sys_platform == 'win32'" },
    { name = "dill" },
    { name = "isort" },
    { name = "mccabe" },
    { name = "platformdirs" },
    { name = "tomlkit" },
]
sdist = { url = "https://files.pythonhosted.org/packages/24/4f/5ca8d654d69006b3a5d52332e56359448b5c5ce242574a8ff26cb260ac3d/pylint-3.0.3.tar.gz", hash = "sha256:58c2398b0301e049609a8429789ec6edf3aabe9b6c5fec916acd18639c16de8b", size = 441807, upload-time = "2023-12-11T13:20:22.023Z" }
wheels = [
    { url = "https://files.pythonhosted.org/packages/0b/59/289c76e3ebdaa2ce9910b366aea437dbc1e0e602a0a513abca757fc4997a/pylint-3.0.3-py3-none-any.whl", hash = "sha256:7a1585285aefc5165db81083c3e06363a27448f6b467b3b0f30dbd0ac1f73810", size = 510642, upload-time = "2023-12-11T13:20:16.441Z" },
]

[[package]]
name = "pyyaml"
version = "6.0.1"
source = { registry = "https://pypi.org/simple" }
sdist = { url = "https://files.pythonhosted.org/packages/cd/e5/af35f7ea75cf72f2cd079c95ee16797de7cd71f29ea7c68ae5ce7be1eda0/PyYAML-6.0.1.tar.gz", hash = "sha256:bfdf460b1736c775f2ba9f6a92bca30bc2095067b8a9d77876d1fad6cc3b4a43", size = 125201, upload-time = "2023-07-18T00:00:23.308Z" }
wheels = [
    { url = "https://files.pythonhosted.org/packages/ec/0d/26fb23e8863e0aeaac0c64e03fd27367ad2ae3f3cccf3798ee98ce160368/PyYAML-6.0.1-cp311-cp311-macosx_10_9_x86_64.whl", hash = "sha256:6965a7bc3cf88e5a1c3bd2e0b5c22f8d677dc88a455344035f03399034eb3007", size = 187867, upload-time = "2023-07-17T23:57:34.35Z" },
    { url = "https://files.pythonhosted.org/packages/28/09/55f715ddbf95a054b764b547f617e22f1d5e45d83905660e9a088078fe67/PyYAML-6.0.1-cp311-cp311-macosx_11_0_arm64.whl", hash = "sha256:f003ed9ad21d6a4713f0a9b5a7a0a79e08dd0f221aff4525a2be4c346ee60aab", size = 167530, upload-time = "2023-07-17T23:57:36.975Z" },
    { url = "https://files.pythonhosted.org/packages/5e/94/7d5ee059dfb92ca9e62f4057dcdec9ac08a9e42679644854dc01177f8145/PyYAML-6.0.1-cp311-cp311-manylinux_2_17_aarch64.manylinux2014_aarch64.whl", hash = "sha256:42f8152b8dbc4fe7d96729ec2b99c7097d656dc1213a3229ca5383f973a5ed6d", size = 732244, upload-time = "2023-07-17T23:57:43.774Z" },
    { url = "https://files.pythonhosted.org/packages/06/92/e0224aa6ebf9dc54a06a4609da37da40bb08d126f5535d81bff6b417b2ae/PyYAML-6.0.1-cp311-cp311-manylinux_2_17_s390x.manylinux2014_s390x.whl", hash = "sha256:062582fca9fabdd2c8b54a3ef1c978d786e0f6b3a1510e0ac93ef59e0ddae2bc", size = 752871, upload-time = "2023-07-17T23:57:51.921Z" },
    { url = "https://files.pythonhosted.org/packages/7b/5e/efd033ab7199a0b2044dab3b9f7a4f6670e6a52c089de572e928d2873b06/PyYAML-6.0.1-cp311-cp311-manylinux_2_17_x86_64.manylinux2014_x86_64.whl", hash = "sha256:d2b04aac4d386b172d5b9692e2d2da8de7bfb6c387fa4f801fbf6fb2e6ba4673", size = 757729, upload-time = "2023-07-17T23:57:59.865Z" },
    { url = "https://files.pythonhosted.org/packages/03/5c/c4671451b2f1d76ebe352c0945d4cd13500adb5d05f5a51ee296d80152f7/PyYAML-6.0.1-cp311-cp311-musllinux_1_1_x86_64.whl", hash = "sha256:e7d73685e87afe9f3b36c799222440d6cf362062f78be1013661b00c5c6f678b", size = 748528, upload-time = "2023-08-28T18:43:23.207Z" },
    { url = "https://files.pythonhosted.org/packages/73/9c/766e78d1efc0d1fca637a6b62cea1b4510a7fb93617eb805223294fef681/PyYAML-6.0.1-cp311-cp311-win32.whl", hash = "sha256:1635fd110e8d85d55237ab316b5b011de701ea0f29d07611174a1b42f1444741", size = 130286, upload-time = "2023-07-17T23:58:02.964Z" },
    { url = "https://files.pythonhosted.org/packages/b3/34/65bb4b2d7908044963ebf614fe0fdb080773fc7030d7e39c8d3eddcd4257/PyYAML-6.0.1-cp311-cp311-win_amd64.whl", hash = "sha256:bf07ee2fef7014951eeb99f56f39c9bb4af143d8aa3c21b1677805985307da34", size = 144699, upload-time = "2023-07-17T23:58:05.586Z" },
    { url = "https://files.pythonhosted.org/packages/bc/06/1b305bf6aa704343be85444c9d011f626c763abb40c0edc1cad13bfd7f86/PyYAML-6.0.1-cp312-cp312-macosx_10_9_x86_64.whl", hash = "sha256:855fb52b0dc35af121542a76b9a84f8d1cd886ea97c84703eaa6d88e37a2ad28", size = 178692, upload-time = "2023-08-28T18:43:24.924Z" },
    { url = "https://files.pythonhosted.org/packages/84/02/404de95ced348b73dd84f70e15a41843d817ff8c1744516bf78358f2ffd2/PyYAML-6.0.1-cp312-cp312-macosx_11_0_arm64.whl", hash = "sha256:40df9b996c2b73138957fe23a16a4f0ba614f4c0efce1e9406a184b6d07fa3a9", size = 165622, upload-time = "2023-08-28T18:43:26.54Z" },
    { url = "https://files.pythonhosted.org/packages/c7/4c/4a2908632fc980da6d918b9de9c1d9d7d7e70b2672b1ad5166ed27841ef7/PyYAML-6.0.1-cp312-cp312-manylinux_2_17_aarch64.manylinux2014_aarch64.whl", hash = "sha256:a08c6f0fe150303c1c6b71ebcd7213c2858041a7e01975da3a99aed1e7a378ef", size = 696937, upload-time = "2024-01-18T20:40:22.92Z" },
    { url = "https://files.pythonhosted.org/packages/b4/33/720548182ffa8344418126017aa1d4ab4aeec9a2275f04ce3f3573d8ace8/PyYAML-6.0.1-cp312-cp312-manylinux_2_17_x86_64.manylinux2014_x86_64.whl", hash = "sha256:6c22bec3fbe2524cde73d7ada88f6566758a8f7227bfbf93a408a9d86bcc12a0", size = 724969, upload-time = "2023-08-28T18:43:28.56Z" },
    { url = "https://files.pythonhosted.org/packages/4f/78/77b40157b6cb5f2d3d31a3d9b2efd1ba3505371f76730d267e8b32cf4b7f/PyYAML-6.0.1-cp312-cp312-musllinux_1_1_x86_64.whl", hash = "sha256:8d4e9c88387b0f5c7d5f281e55304de64cf7f9c0021a3525bd3b1c542da3b0e4", size = 712604, upload-time = "2023-08-28T18:43:30.206Z" },
    { url = "https://files.pythonhosted.org/packages/2e/97/3e0e089ee85e840f4b15bfa00e4e63d84a3691ababbfea92d6f820ea6f21/PyYAML-6.0.1-cp312-cp312-win32.whl", hash = "sha256:d483d2cdf104e7c9fa60c544d92981f12ad66a457afae824d146093b8c294c54", size = 126098, upload-time = "2023-08-28T18:43:31.835Z" },
    { url = "https://files.pythonhosted.org/packages/2b/9f/fbade56564ad486809c27b322d0f7e6a89c01f6b4fe208402e90d4443a99/PyYAML-6.0.1-cp312-cp312-win_amd64.whl", hash = "sha256:0d3304d8c0adc42be59c5f8a4d9e3d7379e6955ad754aa9d6ab7a398b59dd1df", size = 138675, upload-time = "2023-08-28T18:43:33.613Z" },
]

[[package]]
name = "semver"
version = "2.13.0"
source = { registry = "https://pypi.org/simple" }
sdist = { url = "https://files.pythonhosted.org/packages/31/a9/b61190916030ee9af83de342e101f192bbb436c59be20a4cb0cdb7256ece/semver-2.13.0.tar.gz", hash = "sha256:fa0fe2722ee1c3f57eac478820c3a5ae2f624af8264cbdf9000c980ff7f75e3f", size = 45816, upload-time = "2020-10-20T20:16:54.454Z" }
wheels = [
    { url = "https://files.pythonhosted.org/packages/0b/70/b84f9944a03964a88031ef6ac219b6c91e8ba2f373362329d8770ef36f02/semver-2.13.0-py2.py3-none-any.whl", hash = "sha256:ced8b23dceb22134307c1b8abfa523da14198793d9787ac838e70e29e77458d4", size = 12901, upload-time = "2020-10-20T20:16:52.583Z" },
]

[[package]]
name = "six"
version = "1.16.0"
source = { registry = "https://pypi.org/simple" }
sdist = { url = "https://files.pythonhosted.org/packages/71/39/171f1c67cd00715f190ba0b100d606d440a28c93c7714febeca8b79af85e/six-1.16.0.tar.gz", hash = "sha256:1e61c37477a1626458e36f7b1d82aa5c9b094fa4802892072e49de9c60c4c926", size = 34041, upload-time = "2021-05-05T14:18:18.379Z" }
wheels = [
    { url = "https://files.pythonhosted.org/packages/d9/5a/e7c31adbe875f2abbb91bd84cf2dc52d792b5a01506781dbcf25c91daf11/six-1.16.0-py2.py3-none-any.whl", hash = "sha256:8abb2f1d86890a2dfb989f9a77cfcfd3e47c2a354b01111771326f8aa26e0254", size = 11053, upload-time = "2021-05-05T14:18:17.237Z" },
]

[[package]]
name = "style-tests"
version = "0.1.0"
source = { git = "https://github.com/house-reliability-engineering/python.git?subdirectory=style_tests#02de0328a201bfe3d8c1324fedaef50339a8cac8" }
dependencies = [
    { name = "black" },
    { name = "isort" },
    { name = "pycodestyle" },
    { name = "pylint" },
]

[[package]]
name = "tomlkit"
version = "0.12.3"
source = { registry = "https://pypi.org/simple" }
sdist = { url = "https://files.pythonhosted.org/packages/df/fc/1201a374b9484f034da4ec84215b7b9f80ed1d1ea989d4c02167afaa4400/tomlkit-0.12.3.tar.gz", hash = "sha256:75baf5012d06501f07bee5bf8e801b9f343e7aac5a92581f20f80ce632e6b5a4", size = 190967, upload-time = "2023-11-15T00:39:55.862Z" }
wheels = [
    { url = "https://files.pythonhosted.org/packages/6e/43/159750d32481f16e34cc60090b53bc0a14314ad0c1f67a9bb64f3f3a0551/tomlkit-0.12.3-py3-none-any.whl", hash = "sha256:b0a645a9156dc7cb5d3a1f0d4bab66db287fcb8e0430bdd4664a095ea16414ba", size = 37579, upload-time = "2023-11-15T00:39:54.059Z" },
]

[[package]]
name = "typeguard"
version = "4.1.5"
source = { registry = "https://pypi.org/simple" }
dependencies = [
    { name = "typing-extensions", marker = "python_full_version < '3.12'" },
]
sdist = { url = "https://files.pythonhosted.org/packages/90/fb/e5d68ef7b0bca67d06bb4a15f9317decbd1a3f323c3d89221d2ca4c11512/typeguard-4.1.5.tar.gz", hash = "sha256:ea0a113bbc111bcffc90789ebb215625c963411f7096a7e9062d4e4630c155fd", size = 69228, upload-time = "2023-09-11T07:31:40.91Z" }
wheels = [
    { url = "https://files.pythonhosted.org/packages/18/01/5fc45558268ced46d86292763477996a3cdd505567cd590a688e8cdc386e/typeguard-4.1.5-py3-none-any.whl", hash = "sha256:8923e55f8873caec136c892c3bed1f676eae7be57cdb94819281b3d3bc9c0953", size = 34179, upload-time = "2023-09-11T07:31:39.282Z" },
]

[[package]]
name = "typing-extensions"
version = "4.9.0"
source = { registry = "https://pypi.org/simple" }
sdist = { url = "https://files.pythonhosted.org/packages/0c/1d/eb26f5e75100d531d7399ae800814b069bc2ed2a7410834d57374d010d96/typing_extensions-4.9.0.tar.gz", hash = "sha256:23478f88c37f27d76ac8aee6c905017a143b0b1b886c3c9f66bc2fd94f9f5783", size = 74918, upload-time = "2023-12-10T01:14:22.627Z" }
wheels = [
    { url = "https://files.pythonhosted.org/packages/b7/f4/6a90020cd2d93349b442bfcb657d0dc91eee65491600b2cb1d388bc98e6b/typing_extensions-4.9.0-py3-none-any.whl", hash = "sha256:af72aea155e91adfc61c3ae9e0e342dbc0cba726d6cba4b6c72c1f34e47291cd", size = 32750, upload-time = "2023-12-10T01:14:20.617Z" },
]
